
Microsoft Visual Studio Solution File, Format Version 12.00
# Visual Studio Version 16
VisualStudioVersion = 16.0.30413.136
MinimumVisualStudioVersion = 10.0.40219.1
Project("{FAE04EC0-301F-11D3-BF4B-00C04F79EFBC}") = "Conceito_Do_While", "Conceito_Do_While\Conceito_Do_While.csproj", "{83BE2504-A8F3-4A15-8160-D435AB00BFA4}"
EndProject
Global
	GlobalSection(SolutionConfigurationPlatforms) = preSolution
		Debug|Any CPU = Debug|Any CPU
		Release|Any CPU = Release|Any CPU
	EndGlobalSection
	GlobalSection(ProjectConfigurationPlatforms) = postSolution
		{83BE2504-A8F3-4A15-8160-D435AB00BFA4}.Debug|Any CPU.ActiveCfg = Debug|Any CPU
		{83BE2504-A8F3-4A15-8160-D435AB00BFA4}.Debug|Any CPU.Build.0 = Debug|Any CPU
		{83BE2504-A8F3-4A15-8160-D435AB00BFA4}.Release|Any CPU.ActiveCfg = Release|Any CPU
		{83BE2504-A8F3-4A15-8160-D435AB00BFA4}.Release|Any CPU.Build.0 = Release|Any CPU
	EndGlobalSection
	GlobalSection(SolutionProperties) = preSolution
		HideSolutionNode = FALSE
	EndGlobalSection
	GlobalSection(ExtensibilityGlobals) = postSolution
		SolutionGuid = {36676F99-01F2-42F4-BFD8-148F6A4968F7}
	EndGlobalSection
EndGlobal
