
Microsoft Visual Studio Solution File, Format Version 12.00
# Visual Studio Version 16
VisualStudioVersion = 16.0.30413.136
MinimumVisualStudioVersion = 10.0.40219.1
Project("{FAE04EC0-301F-11D3-BF4B-00C04F79EFBC}") = "Conceito_While", "Conceito_While\Conceito_While.csproj", "{57AC8CB9-DE99-4393-BBDD-EBC425C526B8}"
EndProject
Global
	GlobalSection(SolutionConfigurationPlatforms) = preSolution
		Debug|Any CPU = Debug|Any CPU
		Release|Any CPU = Release|Any CPU
	EndGlobalSection
	GlobalSection(ProjectConfigurationPlatforms) = postSolution
		{57AC8CB9-DE99-4393-BBDD-EBC425C526B8}.Debug|Any CPU.ActiveCfg = Debug|Any CPU
		{57AC8CB9-DE99-4393-BBDD-EBC425C526B8}.Debug|Any CPU.Build.0 = Debug|Any CPU
		{57AC8CB9-DE99-4393-BBDD-EBC425C526B8}.Release|Any CPU.ActiveCfg = Release|Any CPU
		{57AC8CB9-DE99-4393-BBDD-EBC425C526B8}.Release|Any CPU.Build.0 = Release|Any CPU
	EndGlobalSection
	GlobalSection(SolutionProperties) = preSolution
		HideSolutionNode = FALSE
	EndGlobalSection
	GlobalSection(ExtensibilityGlobals) = postSolution
		SolutionGuid = {E4B72354-1691-4CBD-B44E-43FCB51B9C07}
	EndGlobalSection
EndGlobal
