
Microsoft Visual Studio Solution File, Format Version 12.00
# Visual Studio Version 16
VisualStudioVersion = 16.0.30413.136
MinimumVisualStudioVersion = 10.0.40219.1
Project("{FAE04EC0-301F-11D3-BF4B-00C04F79EFBC}") = "Condicao_If", "Condicao_If\Condicao_If.csproj", "{606404E6-904C-4DA3-8358-3499F281DE56}"
EndProject
Global
	GlobalSection(SolutionConfigurationPlatforms) = preSolution
		Debug|Any CPU = Debug|Any CPU
		Release|Any CPU = Release|Any CPU
	EndGlobalSection
	GlobalSection(ProjectConfigurationPlatforms) = postSolution
		{606404E6-904C-4DA3-8358-3499F281DE56}.Debug|Any CPU.ActiveCfg = Debug|Any CPU
		{606404E6-904C-4DA3-8358-3499F281DE56}.Debug|Any CPU.Build.0 = Debug|Any CPU
		{606404E6-904C-4DA3-8358-3499F281DE56}.Release|Any CPU.ActiveCfg = Release|Any CPU
		{606404E6-904C-4DA3-8358-3499F281DE56}.Release|Any CPU.Build.0 = Release|Any CPU
	EndGlobalSection
	GlobalSection(SolutionProperties) = preSolution
		HideSolutionNode = FALSE
	EndGlobalSection
	GlobalSection(ExtensibilityGlobals) = postSolution
		SolutionGuid = {57C96597-0071-4A9E-A070-9D45D5712231}
	EndGlobalSection
EndGlobal
