
Microsoft Visual Studio Solution File, Format Version 12.00
# Visual Studio Version 16
VisualStudioVersion = 16.0.30413.136
MinimumVisualStudioVersion = 10.0.40219.1
Project("{FAE04EC0-301F-11D3-BF4B-00C04F79EFBC}") = "While_Com_ListBox", "While_Com_ListBox\While_Com_ListBox.csproj", "{DA950C6B-6588-4D0A-9609-49BE9239E27B}"
EndProject
Global
	GlobalSection(SolutionConfigurationPlatforms) = preSolution
		Debug|Any CPU = Debug|Any CPU
		Release|Any CPU = Release|Any CPU
	EndGlobalSection
	GlobalSection(ProjectConfigurationPlatforms) = postSolution
		{DA950C6B-6588-4D0A-9609-49BE9239E27B}.Debug|Any CPU.ActiveCfg = Debug|Any CPU
		{DA950C6B-6588-4D0A-9609-49BE9239E27B}.Debug|Any CPU.Build.0 = Debug|Any CPU
		{DA950C6B-6588-4D0A-9609-49BE9239E27B}.Release|Any CPU.ActiveCfg = Release|Any CPU
		{DA950C6B-6588-4D0A-9609-49BE9239E27B}.Release|Any CPU.Build.0 = Release|Any CPU
	EndGlobalSection
	GlobalSection(SolutionProperties) = preSolution
		HideSolutionNode = FALSE
	EndGlobalSection
	GlobalSection(ExtensibilityGlobals) = postSolution
		SolutionGuid = {B7675A30-BE42-44C1-B187-BF0EB47EE760}
	EndGlobalSection
EndGlobal
